
Microsoft Visual Studio Solution File, Format Version 12.00
# Visual Studio Version 17
VisualStudioVersion = 17.1.32228.430
MinimumVisualStudioVersion = 10.0.40219.1
Project("{FAE04EC0-301F-11D3-BF4B-00C04F79EFBC}") = "EvaluationTwo", "EvaluationTwo\EvaluationTwo.csproj", "{F14305E6-8E6F-4142-A3E7-8AA638C68FB1}"
EndProject
Project("{FAE04EC0-301F-11D3-BF4B-00C04F79EFBC}") = "HospitalManagementSystem", "HospitalManagementSystem\HospitalManagementSystem.csproj", "{78F3FD82-E9B4-4E94-87A1-03663D5F2A68}"
EndProject
Global
	GlobalSection(SolutionConfigurationPlatforms) = preSolution
		Debug|Any CPU = Debug|Any CPU
		Release|Any CPU = Release|Any CPU
	EndGlobalSection
	GlobalSection(ProjectConfigurationPlatforms) = postSolution
		{F14305E6-8E6F-4142-A3E7-8AA638C68FB1}.Debug|Any CPU.ActiveCfg = Debug|Any CPU
		{F14305E6-8E6F-4142-A3E7-8AA638C68FB1}.Debug|Any CPU.Build.0 = Debug|Any CPU
		{F14305E6-8E6F-4142-A3E7-8AA638C68FB1}.Release|Any CPU.ActiveCfg = Release|Any CPU
		{F14305E6-8E6F-4142-A3E7-8AA638C68FB1}.Release|Any CPU.Build.0 = Release|Any CPU
		{78F3FD82-E9B4-4E94-87A1-03663D5F2A68}.Debug|Any CPU.ActiveCfg = Debug|Any CPU
		{78F3FD82-E9B4-4E94-87A1-03663D5F2A68}.Debug|Any CPU.Build.0 = Debug|Any CPU
		{78F3FD82-E9B4-4E94-87A1-03663D5F2A68}.Release|Any CPU.ActiveCfg = Release|Any CPU
		{78F3FD82-E9B4-4E94-87A1-03663D5F2A68}.Release|Any CPU.Build.0 = Release|Any CPU
	EndGlobalSection
	GlobalSection(SolutionProperties) = preSolution
		HideSolutionNode = FALSE
	EndGlobalSection
	GlobalSection(ExtensibilityGlobals) = postSolution
		SolutionGuid = {294D4B38-C7B9-425F-A0D9-3F3B92145B2E}
	EndGlobalSection
EndGlobal
